
Microsoft Visual Studio Solution File, Format Version 12.00
# Visual Studio 14
VisualStudioVersion = 14.0.23107.0
MinimumVisualStudioVersion = 10.0.40219.1
Project("{8BC9CEB8-8B4A-11D0-8D11-00A0C91BC942}") = "Line Collapser", "Line Collapser\Line Collapser.vcxproj", "{8A05E6AE-4F72-4DFF-A2BC-5E9299D8CA59}"
EndProject
Global
	GlobalSection(SolutionConfigurationPlatforms) = preSolution
		Debug|Win32 = Debug|Win32
		Debug|x64 = Debug|x64
		Debug|x86 = Debug|x86
		Release_NoSTDIO|Win32 = Release_NoSTDIO|Win32
		Release_NoSTDIO|x64 = Release_NoSTDIO|x64
		Release_NoSTDIO|x86 = Release_NoSTDIO|x86
		Release|Win32 = Release|Win32
		Release|x64 = Release|x64
		Release|x86 = Release|x86
	EndGlobalSection
	GlobalSection(ProjectConfigurationPlatforms) = postSolution
		{8A05E6AE-4F72-4DFF-A2BC-5E9299D8CA59}.Debug|Win32.ActiveCfg = Debug|Win32
		{8A05E6AE-4F72-4DFF-A2BC-5E9299D8CA59}.Debug|x64.ActiveCfg = Debug|x64
		{8A05E6AE-4F72-4DFF-A2BC-5E9299D8CA59}.Debug|x64.Build.0 = Debug|x64
		{8A05E6AE-4F72-4DFF-A2BC-5E9299D8CA59}.Debug|x86.ActiveCfg = Debug|Win32
		{8A05E6AE-4F72-4DFF-A2BC-5E9299D8CA59}.Debug|x86.Build.0 = Debug|Win32
		{8A05E6AE-4F72-4DFF-A2BC-5E9299D8CA59}.Release_NoSTDIO|Win32.ActiveCfg = Release|Win32
		{8A05E6AE-4F72-4DFF-A2BC-5E9299D8CA59}.Release_NoSTDIO|x64.ActiveCfg = Release|x64
		{8A05E6AE-4F72-4DFF-A2BC-5E9299D8CA59}.Release_NoSTDIO|x64.Build.0 = Release|x64
		{8A05E6AE-4F72-4DFF-A2BC-5E9299D8CA59}.Release_NoSTDIO|x86.ActiveCfg = Release|Win32
		{8A05E6AE-4F72-4DFF-A2BC-5E9299D8CA59}.Release|Win32.ActiveCfg = Release|Win32
		{8A05E6AE-4F72-4DFF-A2BC-5E9299D8CA59}.Release|x64.ActiveCfg = Release|x64
		{8A05E6AE-4F72-4DFF-A2BC-5E9299D8CA59}.Release|x64.Build.0 = Release|x64
		{8A05E6AE-4F72-4DFF-A2BC-5E9299D8CA59}.Release|x86.ActiveCfg = Release|Win32
		{8A05E6AE-4F72-4DFF-A2BC-5E9299D8CA59}.Release|x86.Build.0 = Release|Win32
	EndGlobalSection
	GlobalSection(SolutionProperties) = preSolution
		HideSolutionNode = FALSE
	EndGlobalSection
	GlobalSection(SubversionScc) = preSolution
		Svn-Managed = True
		Manager = AnkhSVN - Subversion Support for Visual Studio
	EndGlobalSection
EndGlobal
